
Microsoft Visual Studio Solution File, Format Version 12.00
# Visual Studio Version 17
VisualStudioVersion = 17.7.34009.444
MinimumVisualStudioVersion = 10.0.40219.1
Project("{FAE04EC0-301F-11D3-BF4B-00C04F79EFBC}") = "Firstone", "Firstone\Firstone.csproj", "{C0433B4A-67C3-48F8-8EB2-9CE6C8C396F6}"
EndProject
Global
	GlobalSection(SolutionConfigurationPlatforms) = preSolution
		Debug|Any CPU = Debug|Any CPU
		Release|Any CPU = Release|Any CPU
	EndGlobalSection
	GlobalSection(ProjectConfigurationPlatforms) = postSolution
		{C0433B4A-67C3-48F8-8EB2-9CE6C8C396F6}.Debug|Any CPU.ActiveCfg = Debug|Any CPU
		{C0433B4A-67C3-48F8-8EB2-9CE6C8C396F6}.Debug|Any CPU.Build.0 = Debug|Any CPU
		{C0433B4A-67C3-48F8-8EB2-9CE6C8C396F6}.Release|Any CPU.ActiveCfg = Release|Any CPU
		{C0433B4A-67C3-48F8-8EB2-9CE6C8C396F6}.Release|Any CPU.Build.0 = Release|Any CPU
	EndGlobalSection
	GlobalSection(SolutionProperties) = preSolution
		HideSolutionNode = FALSE
	EndGlobalSection
	GlobalSection(ExtensibilityGlobals) = postSolution
		SolutionGuid = {B3D455A9-8067-4790-8D76-139FEE2A6673}
	EndGlobalSection
EndGlobal
